# This file is automatically generated by cargo-component.
# It is not intended for manual editing.
version = 1

[[package]]
name = "promptrs:client"

[[package.version]]
requirement = "^0.2.0"
version = "0.2.0"
digest = "sha256:29cb2a4c81d31977575e338be493b0f341cda32f53f5d9401ec3fc7135177e30"

[[package]]
name = "promptrs:parser"

[[package.version]]
requirement = "^0.2.0"
version = "0.2.0"
digest = "sha256:d1601e7f0789fb5a7f4576b2251c9c08a70f27dc52c9e1a6478a18713ae51b78"
