# This file is automatically generated by cargo-component.
# It is not intended for manual editing.
version = 1

[[package]]
name = "promptrs:client"

[[package.version]]
requirement = "^0.1.0"
version = "0.1.0"
digest = "sha256:153e2b7f784f700bcee761b0f30d7ae0cca41a736ec393c35ca4b28b320b1862"

[[package]]
name = "promptrs:parser"

[[package.version]]
requirement = "^0.1.0"
version = "0.1.0"
digest = "sha256:d942b46151d8815327066472d6ece622318ab79f01f5dbe1f1f058707d90308c"
